{
  "requires": true,
  "lockfileVersion": 1,
  "dependencies": {
    "@open-draft/until": {
      "version": "1.0.3",
      "resolved": "https://registry.npmjs.org/@open-draft/until/-/until-1.0.3.tgz",
      "integrity": "sha512-Aq58f5HiWdyDlFffbbSjAlv596h/cOnt2DO1w3DOC7OJ5EHs0hd/nycJfiu9RJbT6Yk6F1knnRRXNSpxoIVZ9Q=="
    },
    "contentstack": {
      "version": "3.12.0",
      "resolved": "https://registry.npmjs.org/contentstack/-/contentstack-3.12.0.tgz",
      "integrity": "sha512-sexciZ8QrEYFJpcKE4QlRCkzD/xQbeF4kP4BQcpTD0r0bOHljwbv5CcMH7LwlmbY7YXO23q6dXUmtlWy7p8Fvg==",
      "requires": {
        "es6-promise": "4.1.1",
        "localStorage": "1.0.3",
        "node-fetch": "^2.6.1"
      }
    },
    "debug": {
      "version": "4.3.1",
      "resolved": "https://registry.npmjs.org/debug/-/debug-4.3.1.tgz",
      "integrity": "sha512-doEwdvm4PCeK4K3RQN2ZC2BYUBaxwLARCqZmMjtF8a51J2Rb0xpVloFRnCODwqjpwnAoao4pelN8l3RJdv3gRQ==",
      "requires": {
        "ms": "2.1.2"
      }
    },
    "dotenv": {
      "version": "8.2.0",
      "resolved": "https://registry.npmjs.org/dotenv/-/dotenv-8.2.0.tgz",
      "integrity": "sha512-8sJ78ElpbDJBHNeBzUbUVLsqKdccaa/BXF1uPTw3GrvQTBgrQrtObr2mUrE38vzYd8cEv+m/JBfDLioYcfXoaw=="
    },
    "es6-promise": {
      "version": "4.1.1",
      "resolved": "https://registry.npmjs.org/es6-promise/-/es6-promise-4.1.1.tgz",
      "integrity": "sha512-OaU1hHjgJf+b0NzsxCg7NdIYERD6Hy/PEmFLTjw+b65scuisG3Kt4QoTvJ66BBkPZ581gr0kpoVzKnxniM8nng=="
    },
    "headers-utils": {
      "version": "1.2.0",
      "resolved": "https://registry.npmjs.org/headers-utils/-/headers-utils-1.2.0.tgz",
      "integrity": "sha512-4/BMXcWrJErw7JpM87gF8MNEXcIMLzepYZjNRv/P9ctgupl2Ywa3u1PgHtNhSRq84bHH9Ndlkdy7bSi+bZ9I9A=="
    },
    "localStorage": {
      "version": "1.0.3",
      "resolved": "https://registry.npmjs.org/localStorage/-/localStorage-1.0.3.tgz",
      "integrity": "sha1-5riaV7t2ChVqOMyH4PJVD27UE9g="
    },
    "ms": {
      "version": "2.1.2",
      "resolved": "https://registry.npmjs.org/ms/-/ms-2.1.2.tgz",
      "integrity": "sha512-sGkPx+VjMtmA6MX27oA4FBFELFCZZ4S4XqeGOXCv68tT+jb3vk/RyaKWP0PTKyWtmLSM0b+adUTEvbs1PEaH2w=="
    },
    "node-fetch": {
      "version": "2.6.1",
      "resolved": "https://registry.npmjs.org/node-fetch/-/node-fetch-2.6.1.tgz",
      "integrity": "sha512-V4aYg89jEoVRxRb2fJdAg8FHvI7cEyYdVAh94HH0UIK8oJxUfkjlDQN9RbMx+bEjP7+ggMiFRprSti032Oipxw=="
    },
    "node-request-interceptor": {
      "version": "0.6.3",
      "resolved": "https://registry.npmjs.org/node-request-interceptor/-/node-request-interceptor-0.6.3.tgz",
      "integrity": "sha512-8I2V7H2Ch0NvW7qWcjmS0/9Lhr0T6x7RD6PDirhvWEkUQvy83x8BA4haYMr09r/rig7hcgYSjYh6cd4U7G1vLA==",
      "requires": {
        "@open-draft/until": "^1.0.3",
        "debug": "^4.3.0",
        "headers-utils": "^1.2.0",
        "strict-event-emitter": "^0.1.0"
      }
    },
    "strict-event-emitter": {
      "version": "0.1.0",
      "resolved": "https://registry.npmjs.org/strict-event-emitter/-/strict-event-emitter-0.1.0.tgz",
      "integrity": "sha512-8hSYfU+WKLdNcHVXJ0VxRXiPESalzRe7w1l8dg9+/22Ry+iZQUoQuoJ27R30GMD1TiyYINWsIEGY05WrskhSKw=="
    }
  }
}
